{
    "_meta": {
        "hash": {
            "sha256": "521c95c43bea37db06303071f5dbe9d6c8afbe4a32fe5f88fdafb940332f3f67"
        },
        "pipfile-spec": 6,
        "requires": {
            "python_full_version": "3.11.4",
            "python_version": "3.11"
        },
        "sources": [
            {
                "name": "pypi",
                "url": "https://pypi.org/simple",
                "verify_ssl": true
            }
        ]
    },
    "default": {
        "click": {
            "hashes": [
                "sha256:48ee849951919527a045bfe3bf7baa8a959c423134e1a5b98c05c20ba75a1cbd",
                "sha256:fa244bb30b3b5ee2cae3da8f55c9e5e0c0e86093306301fb418eb9dc40fbded5"
            ],
            "index": "pypi",
            "version": "==8.1.6"
        }
    },
    "develop": {}
}
